// !$*UTF8*$!
{
	archiveVersion = 1;
	classes = {
	};
	objectVersion = 56;
	objects = {

/* Begin PBXBuildFile section */
		84314D0B29DDFCEF003D35C5 /* SomeChatApp.swift in Sources */ = {isa = PBXBuildFile; fileRef = 84314D0A29DDFCEF003D35C5 /* SomeChatApp.swift */; };
		84314D0D29DDFCEF003D35C5 /* ContentView.swift in Sources */ = {isa = PBXBuildFile; fileRef = 84314D0C29DDFCEF003D35C5 /* ContentView.swift */; };
		84314D0F29DDFCF0003D35C5 /* Assets.xcassets in Resources */ = {isa = PBXBuildFile; fileRef = 84314D0E29DDFCF0003D35C5 /* Assets.xcassets */; };
		84314D1229DDFCF0003D35C5 /* Preview Assets.xcassets in Resources */ = {isa = PBXBuildFile; fileRef = 84314D1129DDFCF0003D35C5 /* Preview Assets.xcassets */; };
		8454A49329EBC9DA00EB6C94 /* MessageField.swift in Sources */ = {isa = PBXBuildFile; fileRef = 8454A49229EBC9DA00EB6C94 /* MessageField.swift */; };
		8454A49529EBD2C000EB6C94 /* GoogleService-Info.plist in Resources */ = {isa = PBXBuildFile; fileRef = 8454A49429EBD2C000EB6C94 /* GoogleService-Info.plist */; };
		8454A49829EBD44C00EB6C94 /* FirebaseFirestore in Frameworks */ = {isa = PBXBuildFile; productRef = 8454A49729EBD44C00EB6C94 /* FirebaseFirestore */; };
		8454A49A29EBD44C00EB6C94 /* FirebaseFirestoreSwift in Frameworks */ = {isa = PBXBuildFile; productRef = 8454A49929EBD44C00EB6C94 /* FirebaseFirestoreSwift */; };
		84B8789F29F11E750040DBB2 /* MassagesManager.swift in Sources */ = {isa = PBXBuildFile; fileRef = 84B8789E29F11E750040DBB2 /* MassagesManager.swift */; };
		84DB811D29E67AF300CEC160 /* TitleRow.swift in Sources */ = {isa = PBXBuildFile; fileRef = 84DB811C29E67AF300CEC160 /* TitleRow.swift */; };
		84DB812029E683C600CEC160 /* Message.swift in Sources */ = {isa = PBXBuildFile; fileRef = 84DB811F29E683C600CEC160 /* Message.swift */; };
		84DB812229E6850D00CEC160 /* MessageBubble.swift in Sources */ = {isa = PBXBuildFile; fileRef = 84DB812129E6850D00CEC160 /* MessageBubble.swift */; };
		84DB812629E68EAB00CEC160 /* Extentions.swift in Sources */ = {isa = PBXBuildFile; fileRef = 84DB812529E68EAB00CEC160 /* Extentions.swift */; };
/* End PBXBuildFile section */

/* Begin PBXFileReference section */
		84314D0729DDFCEF003D35C5 /* SomeChat.app */ = {isa = PBXFileReference; explicitFileType = wrapper.application; includeInIndex = 0; path = SomeChat.app; sourceTree = BUILT_PRODUCTS_DIR; };
		84314D0A29DDFCEF003D35C5 /* SomeChatApp.swift */ = {isa = PBXFileReference; lastKnownFileType = sourcecode.swift; path = SomeChatApp.swift; sourceTree = "<group>"; };
		84314D0C29DDFCEF003D35C5 /* ContentView.swift */ = {isa = PBXFileReference; lastKnownFileType = sourcecode.swift; path = ContentView.swift; sourceTree = "<group>"; };
		84314D0E29DDFCF0003D35C5 /* Assets.xcassets */ = {isa = PBXFileReference; lastKnownFileType = folder.assetcatalog; path = Assets.xcassets; sourceTree = "<group>"; };
		84314D1129DDFCF0003D35C5 /* Preview Assets.xcassets */ = {isa = PBXFileReference; lastKnownFileType = folder.assetcatalog; path = "Preview Assets.xcassets"; sourceTree = "<group>"; };
		8454A49229EBC9DA00EB6C94 /* MessageField.swift */ = {isa = PBXFileReference; lastKnownFileType = sourcecode.swift; path = MessageField.swift; sourceTree = "<group>"; };
		8454A49429EBD2C000EB6C94 /* GoogleService-Info.plist */ = {isa = PBXFileReference; fileEncoding = 4; lastKnownFileType = text.plist.xml; path = "GoogleService-Info.plist"; sourceTree = "<group>"; };
		84B8789E29F11E750040DBB2 /* MassagesManager.swift */ = {isa = PBXFileReference; lastKnownFileType = sourcecode.swift; path = MassagesManager.swift; sourceTree = "<group>"; };
		84DB811C29E67AF300CEC160 /* TitleRow.swift */ = {isa = PBXFileReference; lastKnownFileType = sourcecode.swift; path = TitleRow.swift; sourceTree = "<group>"; };
		84DB811F29E683C600CEC160 /* Message.swift */ = {isa = PBXFileReference; lastKnownFileType = sourcecode.swift; path = Message.swift; sourceTree = "<group>"; };
		84DB812129E6850D00CEC160 /* MessageBubble.swift */ = {isa = PBXFileReference; lastKnownFileType = sourcecode.swift; path = MessageBubble.swift; sourceTree = "<group>"; };
		84DB812529E68EAB00CEC160 /* Extentions.swift */ = {isa = PBXFileReference; lastKnownFileType = sourcecode.swift; path = Extentions.swift; sourceTree = "<group>"; };
/* End PBXFileReference section */

/* Begin PBXFrameworksBuildPhase section */
		84314D0429DDFCEF003D35C5 /* Frameworks */ = {
			isa = PBXFrameworksBuildPhase;
			buildActionMask = 2147483647;
			files = (
				8454A49829EBD44C00EB6C94 /* FirebaseFirestore in Frameworks */,
				8454A49A29EBD44C00EB6C94 /* FirebaseFirestoreSwift in Frameworks */,
			);
			runOnlyForDeploymentPostprocessing = 0;
		};
/* End PBXFrameworksBuildPhase section */

/* Begin PBXGroup section */
		84314CFE29DDFCEF003D35C5 = {
			isa = PBXGroup;
			children = (
				84314D0929DDFCEF003D35C5 /* SomeChat */,
				84314D0829DDFCEF003D35C5 /* Products */,
			);
			sourceTree = "<group>";
		};
		84314D0829DDFCEF003D35C5 /* Products */ = {
			isa = PBXGroup;
			children = (
				84314D0729DDFCEF003D35C5 /* SomeChat.app */,
			);
			name = Products;
			sourceTree = "<group>";
		};
		84314D0929DDFCEF003D35C5 /* SomeChat */ = {
			isa = PBXGroup;
			children = (
				8454A49429EBD2C000EB6C94 /* GoogleService-Info.plist */,
				84DB811B29E67ADC00CEC160 /* Views */,
				84DB811E29E6838D00CEC160 /* Models */,
				84314D0A29DDFCEF003D35C5 /* SomeChatApp.swift */,
				84314D0E29DDFCF0003D35C5 /* Assets.xcassets */,
				84314D1029DDFCF0003D35C5 /* Preview Content */,
				84DB812529E68EAB00CEC160 /* Extentions.swift */,
			);
			path = SomeChat;
			sourceTree = "<group>";
		};
		84314D1029DDFCF0003D35C5 /* Preview Content */ = {
			isa = PBXGroup;
			children = (
				84314D1129DDFCF0003D35C5 /* Preview Assets.xcassets */,
			);
			path = "Preview Content";
			sourceTree = "<group>";
		};
		84DB811B29E67ADC00CEC160 /* Views */ = {
			isa = PBXGroup;
			children = (
				84314D0C29DDFCEF003D35C5 /* ContentView.swift */,
				84DB811C29E67AF300CEC160 /* TitleRow.swift */,
				84DB812129E6850D00CEC160 /* MessageBubble.swift */,
				8454A49229EBC9DA00EB6C94 /* MessageField.swift */,
			);
			path = Views;
			sourceTree = "<group>";
		};
		84DB811E29E6838D00CEC160 /* Models */ = {
			isa = PBXGroup;
			children = (
				84DB811F29E683C600CEC160 /* Message.swift */,
				84B8789E29F11E750040DBB2 /* MassagesManager.swift */,
			);
			path = Models;
			sourceTree = "<group>";
		};
/* End PBXGroup section */

/* Begin PBXNativeTarget section */
		84314D0629DDFCEF003D35C5 /* SomeChat */ = {
			isa = PBXNativeTarget;
			buildConfigurationList = 84314D1529DDFCF0003D35C5 /* Build configuration list for PBXNativeTarget "SomeChat" */;
			buildPhases = (
				84314D0329DDFCEF003D35C5 /* Sources */,
				84314D0429DDFCEF003D35C5 /* Frameworks */,
				84314D0529DDFCEF003D35C5 /* Resources */,
			);
			buildRules = (
			);
			dependencies = (
			);
			name = SomeChat;
			packageProductDependencies = (
				8454A49729EBD44C00EB6C94 /* FirebaseFirestore */,
				8454A49929EBD44C00EB6C94 /* FirebaseFirestoreSwift */,
			);
			productName = SomeChat;
			productReference = 84314D0729DDFCEF003D35C5 /* SomeChat.app */;
			productType = "com.apple.product-type.application";
		};
/* End PBXNativeTarget section */

/* Begin PBXProject section */
		84314CFF29DDFCEF003D35C5 /* Project object */ = {
			isa = PBXProject;
			attributes = {
				BuildIndependentTargetsInParallel = 1;
				LastSwiftUpdateCheck = 1430;
				LastUpgradeCheck = 1430;
				TargetAttributes = {
					84314D0629DDFCEF003D35C5 = {
						CreatedOnToolsVersion = 14.3;
					};
				};
			};
			buildConfigurationList = 84314D0229DDFCEF003D35C5 /* Build configuration list for PBXProject "SomeChat" */;
			compatibilityVersion = "Xcode 14.0";
			developmentRegion = en;
			hasScannedForEncodings = 0;
			knownRegions = (
				en,
				Base,
			);
			mainGroup = 84314CFE29DDFCEF003D35C5;
			packageReferences = (
				8454A49629EBD44C00EB6C94 /* XCRemoteSwiftPackageReference "firebase-ios-sdk" */,
			);
			productRefGroup = 84314D0829DDFCEF003D35C5 /* Products */;
			projectDirPath = "";
			projectRoot = "";
			targets = (
				84314D0629DDFCEF003D35C5 /* SomeChat */,
			);
		};
/* End PBXProject section */

/* Begin PBXResourcesBuildPhase section */
		84314D0529DDFCEF003D35C5 /* Resources */ = {
			isa = PBXResourcesBuildPhase;
			buildActionMask = 2147483647;
			files = (
				84314D1229DDFCF0003D35C5 /* Preview Assets.xcassets in Resources */,
				84314D0F29DDFCF0003D35C5 /* Assets.xcassets in Resources */,
				8454A49529EBD2C000EB6C94 /* GoogleService-Info.plist in Resources */,
			);
			runOnlyForDeploymentPostprocessing = 0;
		};
/* End PBXResourcesBuildPhase section */

/* Begin PBXSourcesBuildPhase section */
		84314D0329DDFCEF003D35C5 /* Sources */ = {
			isa = PBXSourcesBuildPhase;
			buildActionMask = 2147483647;
			files = (
				84314D0D29DDFCEF003D35C5 /* ContentView.swift in Sources */,
				84DB812029E683C600CEC160 /* Message.swift in Sources */,
				84DB812629E68EAB00CEC160 /* Extentions.swift in Sources */,
				8454A49329EBC9DA00EB6C94 /* MessageField.swift in Sources */,
				84DB812229E6850D00CEC160 /* MessageBubble.swift in Sources */,
				84314D0B29DDFCEF003D35C5 /* SomeChatApp.swift in Sources */,
				84DB811D29E67AF300CEC160 /* TitleRow.swift in Sources */,
				84B8789F29F11E750040DBB2 /* MassagesManager.swift in Sources */,
			);
			runOnlyForDeploymentPostprocessing = 0;
		};
/* End PBXSourcesBuildPhase section */

/* Begin XCBuildConfiguration section */
		84314D1329DDFCF0003D35C5 /* Debug */ = {
			isa = XCBuildConfiguration;
			buildSettings = {
				ALWAYS_SEARCH_USER_PATHS = NO;
				CLANG_ANALYZER_NONNULL = YES;
				CLANG_ANALYZER_NUMBER_OBJECT_CONVERSION = YES_AGGRESSIVE;
				CLANG_CXX_LANGUAGE_STANDARD = "gnu++20";
				CLANG_ENABLE_MODULES = YES;
				CLANG_ENABLE_OBJC_ARC = YES;
				CLANG_ENABLE_OBJC_WEAK = YES;
				CLANG_WARN_BLOCK_CAPTURE_AUTORELEASING = YES;
				CLANG_WARN_BOOL_CONVERSION = YES;
				CLANG_WARN_COMMA = YES;
				CLANG_WARN_CONSTANT_CONVERSION = YES;
				CLANG_WARN_DEPRECATED_OBJC_IMPLEMENTATIONS = YES;
				CLANG_WARN_DIRECT_OBJC_ISA_USAGE = YES_ERROR;
				CLANG_WARN_DOCUMENTATION_COMMENTS = YES;
				CLANG_WARN_EMPTY_BODY = YES;
				CLANG_WARN_ENUM_CONVERSION = YES;
				CLANG_WARN_INFINITE_RECURSION = YES;
				CLANG_WARN_INT_CONVERSION = YES;
				CLANG_WARN_NON_LITERAL_NULL_CONVERSION = YES;
				CLANG_WARN_OBJC_IMPLICIT_RETAIN_SELF = YES;
				CLANG_WARN_OBJC_LITERAL_CONVERSION = YES;
				CLANG_WARN_OBJC_ROOT_CLASS = YES_ERROR;
				CLANG_WARN_QUOTED_INCLUDE_IN_FRAMEWORK_HEADER = YES;
				CLANG_WARN_RANGE_LOOP_ANALYSIS = YES;
				CLANG_WARN_STRICT_PROTOTYPES = YES;
				CLANG_WARN_SUSPICIOUS_MOVE = YES;
				CLANG_WARN_UNGUARDED_AVAILABILITY = YES_AGGRESSIVE;
				CLANG_WARN_UNREACHABLE_CODE = YES;
				CLANG_WARN__DUPLICATE_METHOD_MATCH = YES;
				COPY_PHASE_STRIP = NO;
				DEBUG_INFORMATION_FORMAT = dwarf;
				ENABLE_STRICT_OBJC_MSGSEND = YES;
				ENABLE_TESTABILITY = YES;
				GCC_C_LANGUAGE_STANDARD = gnu11;
				GCC_DYNAMIC_NO_PIC = NO;
				GCC_NO_COMMON_BLOCKS = YES;
				GCC_OPTIMIZATION_LEVEL = 0;
				GCC_PREPROCESSOR_DEFINITIONS = (
					"DEBUG=1",
					"$(inherited)",
				);
				GCC_WARN_64_TO_32_BIT_CONVERSION = YES;
				GCC_WARN_ABOUT_RETURN_TYPE = YES_ERROR;
				GCC_WARN_UNDECLARED_SELECTOR = YES;
				GCC_WARN_UNINITIALIZED_AUTOS = YES_AGGRESSIVE;
				GCC_WARN_UNUSED_FUNCTION = YES;
				GCC_WARN_UNUSED_VARIABLE = YES;
				IPHONEOS_DEPLOYMENT_TARGET = 16.4;
				MTL_ENABLE_DEBUG_INFO = INCLUDE_SOURCE;
				MTL_FAST_MATH = YES;
				ONLY_ACTIVE_ARCH = YES;
				SDKROOT = iphoneos;
				SWIFT_ACTIVE_COMPILATION_CONDITIONS = DEBUG;
				SWIFT_OPTIMIZATION_LEVEL = "-Onone";
			};
			name = Debug;
		};
		84314D1429DDFCF0003D35C5 /* Release */ = {
			isa = XCBuildConfiguration;
			buildSettings = {
				ALWAYS_SEARCH_USER_PATHS = NO;
				CLANG_ANALYZER_NONNULL = YES;
				CLANG_ANALYZER_NUMBER_OBJECT_CONVERSION = YES_AGGRESSIVE;
				CLANG_CXX_LANGUAGE_STANDARD = "gnu++20";
				CLANG_ENABLE_MODULES = YES;
				CLANG_ENABLE_OBJC_ARC = YES;
				CLANG_ENABLE_OBJC_WEAK = YES;
				CLANG_WARN_BLOCK_CAPTURE_AUTORELEASING = YES;
				CLANG_WARN_BOOL_CONVERSION = YES;
				CLANG_WARN_COMMA = YES;
				CLANG_WARN_CONSTANT_CONVERSION = YES;
				CLANG_WARN_DEPRECATED_OBJC_IMPLEMENTATIONS = YES;
				CLANG_WARN_DIRECT_OBJC_ISA_USAGE = YES_ERROR;
				CLANG_WARN_DOCUMENTATION_COMMENTS = YES;
				CLANG_WARN_EMPTY_BODY = YES;
				CLANG_WARN_ENUM_CONVERSION = YES;
				CLANG_WARN_INFINITE_RECURSION = YES;
				CLANG_WARN_INT_CONVERSION = YES;
				CLANG_WARN_NON_LITERAL_NULL_CONVERSION = YES;
				CLANG_WARN_OBJC_IMPLICIT_RETAIN_SELF = YES;
				CLANG_WARN_OBJC_LITERAL_CONVERSION = YES;
				CLANG_WARN_OBJC_ROOT_CLASS = YES_ERROR;
				CLANG_WARN_QUOTED_INCLUDE_IN_FRAMEWORK_HEADER = YES;
				CLANG_WARN_RANGE_LOOP_ANALYSIS = YES;
				CLANG_WARN_STRICT_PROTOTYPES = YES;
				CLANG_WARN_SUSPICIOUS_MOVE = YES;
				CLANG_WARN_UNGUARDED_AVAILABILITY = YES_AGGRESSIVE;
				CLANG_WARN_UNREACHABLE_CODE = YES;
				CLANG_WARN__DUPLICATE_METHOD_MATCH = YES;
				COPY_PHASE_STRIP = NO;
				DEBUG_INFORMATION_FORMAT = "dwarf-with-dsym";
				ENABLE_NS_ASSERTIONS = NO;
				ENABLE_STRICT_OBJC_MSGSEND = YES;
				GCC_C_LANGUAGE_STANDARD = gnu11;
				GCC_NO_COMMON_BLOCKS = YES;
				GCC_WARN_64_TO_32_BIT_CONVERSION = YES;
				GCC_WARN_ABOUT_RETURN_TYPE = YES_ERROR;
				GCC_WARN_UNDECLARED_SELECTOR = YES;
				GCC_WARN_UNINITIALIZED_AUTOS = YES_AGGRESSIVE;
				GCC_WARN_UNUSED_FUNCTION = YES;
				GCC_WARN_UNUSED_VARIABLE = YES;
				IPHONEOS_DEPLOYMENT_TARGET = 16.4;
				MTL_ENABLE_DEBUG_INFO = NO;
				MTL_FAST_MATH = YES;
				SDKROOT = iphoneos;
				SWIFT_COMPILATION_MODE = wholemodule;
				SWIFT_OPTIMIZATION_LEVEL = "-O";
				VALIDATE_PRODUCT = YES;
			};
			name = Release;
		};
		84314D1629DDFCF0003D35C5 /* Debug */ = {
			isa = XCBuildConfiguration;
			buildSettings = {
				ASSETCATALOG_COMPILER_APPICON_NAME = AppIcon;
				ASSETCATALOG_COMPILER_GLOBAL_ACCENT_COLOR_NAME = AccentColor;
				CODE_SIGN_STYLE = Automatic;
				CURRENT_PROJECT_VERSION = 1;
				DEVELOPMENT_ASSET_PATHS = "\"SomeChat/Preview Content\"";
				DEVELOPMENT_TEAM = VHDFTCABKC;
				ENABLE_PREVIEWS = YES;
				GENERATE_INFOPLIST_FILE = YES;
				INFOPLIST_KEY_UIApplicationSceneManifest_Generation = YES;
				INFOPLIST_KEY_UIApplicationSupportsIndirectInputEvents = YES;
				INFOPLIST_KEY_UILaunchScreen_Generation = YES;
				INFOPLIST_KEY_UISupportedInterfaceOrientations_iPad = "UIInterfaceOrientationPortrait UIInterfaceOrientationPortraitUpsideDown UIInterfaceOrientationLandscapeLeft UIInterfaceOrientationLandscapeRight";
				INFOPLIST_KEY_UISupportedInterfaceOrientations_iPhone = "UIInterfaceOrientationPortrait UIInterfaceOrientationLandscapeLeft UIInterfaceOrientationLandscapeRight";
				LD_RUNPATH_SEARCH_PATHS = (
					"$(inherited)",
					"@executable_path/Frameworks",
				);
				MARKETING_VERSION = 1.0;
				PRODUCT_BUNDLE_IDENTIFIER = personalTeam.SomeChat;
				PRODUCT_NAME = "$(TARGET_NAME)";
				SWIFT_EMIT_LOC_STRINGS = YES;
				SWIFT_VERSION = 5.0;
				TARGETED_DEVICE_FAMILY = "1,2";
			};
			name = Debug;
		};
		84314D1729DDFCF0003D35C5 /* Release */ = {
			isa = XCBuildConfiguration;
			buildSettings = {
				ASSETCATALOG_COMPILER_APPICON_NAME = AppIcon;
				ASSETCATALOG_COMPILER_GLOBAL_ACCENT_COLOR_NAME = AccentColor;
				CODE_SIGN_STYLE = Automatic;
				CURRENT_PROJECT_VERSION = 1;
				DEVELOPMENT_ASSET_PATHS = "\"SomeChat/Preview Content\"";
				DEVELOPMENT_TEAM = VHDFTCABKC;
				ENABLE_PREVIEWS = YES;
				GENERATE_INFOPLIST_FILE = YES;
				INFOPLIST_KEY_UIApplicationSceneManifest_Generation = YES;
				INFOPLIST_KEY_UIApplicationSupportsIndirectInputEvents = YES;
				INFOPLIST_KEY_UILaunchScreen_Generation = YES;
				INFOPLIST_KEY_UISupportedInterfaceOrientations_iPad = "UIInterfaceOrientationPortrait UIInterfaceOrientationPortraitUpsideDown UIInterfaceOrientationLandscapeLeft UIInterfaceOrientationLandscapeRight";
				INFOPLIST_KEY_UISupportedInterfaceOrientations_iPhone = "UIInterfaceOrientationPortrait UIInterfaceOrientationLandscapeLeft UIInterfaceOrientationLandscapeRight";
				LD_RUNPATH_SEARCH_PATHS = (
					"$(inherited)",
					"@executable_path/Frameworks",
				);
				MARKETING_VERSION = 1.0;
				PRODUCT_BUNDLE_IDENTIFIER = personalTeam.SomeChat;
				PRODUCT_NAME = "$(TARGET_NAME)";
				SWIFT_EMIT_LOC_STRINGS = YES;
				SWIFT_VERSION = 5.0;
				TARGETED_DEVICE_FAMILY = "1,2";
			};
			name = Release;
		};
/* End XCBuildConfiguration section */

/* Begin XCConfigurationList section */
		84314D0229DDFCEF003D35C5 /* Build configuration list for PBXProject "SomeChat" */ = {
			isa = XCConfigurationList;
			buildConfigurations = (
				84314D1329DDFCF0003D35C5 /* Debug */,
				84314D1429DDFCF0003D35C5 /* Release */,
			);
			defaultConfigurationIsVisible = 0;
			defaultConfigurationName = Release;
		};
		84314D1529DDFCF0003D35C5 /* Build configuration list for PBXNativeTarget "SomeChat" */ = {
			isa = XCConfigurationList;
			buildConfigurations = (
				84314D1629DDFCF0003D35C5 /* Debug */,
				84314D1729DDFCF0003D35C5 /* Release */,
			);
			defaultConfigurationIsVisible = 0;
			defaultConfigurationName = Release;
		};
/* End XCConfigurationList section */

/* Begin XCRemoteSwiftPackageReference section */
		8454A49629EBD44C00EB6C94 /* XCRemoteSwiftPackageReference "firebase-ios-sdk" */ = {
			isa = XCRemoteSwiftPackageReference;
			repositoryURL = "https://github.com/firebase/firebase-ios-sdk";
			requirement = {
				kind = upToNextMajorVersion;
				minimumVersion = 10.0.0;
			};
		};
/* End XCRemoteSwiftPackageReference section */

/* Begin XCSwiftPackageProductDependency section */
		8454A49729EBD44C00EB6C94 /* FirebaseFirestore */ = {
			isa = XCSwiftPackageProductDependency;
			package = 8454A49629EBD44C00EB6C94 /* XCRemoteSwiftPackageReference "firebase-ios-sdk" */;
			productName = FirebaseFirestore;
		};
		8454A49929EBD44C00EB6C94 /* FirebaseFirestoreSwift */ = {
			isa = XCSwiftPackageProductDependency;
			package = 8454A49629EBD44C00EB6C94 /* XCRemoteSwiftPackageReference "firebase-ios-sdk" */;
			productName = FirebaseFirestoreSwift;
		};
/* End XCSwiftPackageProductDependency section */
	};
	rootObject = 84314CFF29DDFCEF003D35C5 /* Project object */;
}
